// !$*UTF8*$!
{
	archiveVersion = 1;
	classes = {
	};
	objectVersion = 55;
	objects = {

/* Begin PBXBuildFile section */
		470CC2D529E09BDC000A6F42 /* swiftlint.yml in Sources */ = {isa = PBXBuildFile; fileRef = 470CC2D429E09BDC000A6F42 /* swiftlint.yml */; };
		470CC2D629E09BDC000A6F42 /* swiftlint.yml in Sources */ = {isa = PBXBuildFile; fileRef = 470CC2D429E09BDC000A6F42 /* swiftlint.yml */; };
		470CC2D729E09BDC000A6F42 /* swiftlint.yml in Sources */ = {isa = PBXBuildFile; fileRef = 470CC2D429E09BDC000A6F42 /* swiftlint.yml */; };
		472CA0DE29E0F242005DCD71 /* randomUsers.json in Resources */ = {isa = PBXBuildFile; fileRef = 472CA0DD29E0F242005DCD71 /* randomUsers.json */; };
		472CA0DF29E0F242005DCD71 /* randomUsers.json in Resources */ = {isa = PBXBuildFile; fileRef = 472CA0DD29E0F242005DCD71 /* randomUsers.json */; };
		472CA0E029E0F242005DCD71 /* randomUsers.json in Resources */ = {isa = PBXBuildFile; fileRef = 472CA0DD29E0F242005DCD71 /* randomUsers.json */; };
		473841EE2885E44F008E5BB0 /* User.swift in Sources */ = {isa = PBXBuildFile; fileRef = 473841ED2885E44F008E5BB0 /* User.swift */; };
		47449F5E28F6D28D001323C4 /* ToastUI in Frameworks */ = {isa = PBXBuildFile; productRef = 47449F5D28F6D28D001323C4 /* ToastUI */; };
		479CB54C287B97710056A530 /* RandomUsersApp.swift in Sources */ = {isa = PBXBuildFile; fileRef = 479CB54B287B97710056A530 /* RandomUsersApp.swift */; };
		479CB54E287B97710056A530 /* UserView.swift in Sources */ = {isa = PBXBuildFile; fileRef = 479CB54D287B97710056A530 /* UserView.swift */; };
		479CB550287B97730056A530 /* Assets.xcassets in Resources */ = {isa = PBXBuildFile; fileRef = 479CB54F287B97730056A530 /* Assets.xcassets */; };
		479CB553287B97730056A530 /* Preview Assets.xcassets in Resources */ = {isa = PBXBuildFile; fileRef = 479CB552287B97730056A530 /* Preview Assets.xcassets */; };
		479CB55D287B97730056A530 /* RandomUsersTests.swift in Sources */ = {isa = PBXBuildFile; fileRef = 479CB55C287B97730056A530 /* RandomUsersTests.swift */; };
		479CB567287B97730056A530 /* RandomUsersUITests.swift in Sources */ = {isa = PBXBuildFile; fileRef = 479CB566287B97730056A530 /* RandomUsersUITests.swift */; };
		479CB569287B97730056A530 /* RandomUsersUITestsLaunchTests.swift in Sources */ = {isa = PBXBuildFile; fileRef = 479CB568287B97730056A530 /* RandomUsersUITestsLaunchTests.swift */; };
		479CB577287CE10C0056A530 /* UserFetchingClient.swift in Sources */ = {isa = PBXBuildFile; fileRef = 479CB576287CE10C0056A530 /* UserFetchingClient.swift */; };
		479CB579287E1A510056A530 /* UserData.swift in Sources */ = {isa = PBXBuildFile; fileRef = 479CB578287E1A510056A530 /* UserData.swift */; };
/* End PBXBuildFile section */

/* Begin PBXContainerItemProxy section */
		479CB559287B97730056A530 /* PBXContainerItemProxy */ = {
			isa = PBXContainerItemProxy;
			containerPortal = 479CB540287B97710056A530 /* Project object */;
			proxyType = 1;
			remoteGlobalIDString = 479CB547287B97710056A530;
			remoteInfo = RandomUsers;
		};
		479CB563287B97730056A530 /* PBXContainerItemProxy */ = {
			isa = PBXContainerItemProxy;
			containerPortal = 479CB540287B97710056A530 /* Project object */;
			proxyType = 1;
			remoteGlobalIDString = 479CB547287B97710056A530;
			remoteInfo = RandomUsers;
		};
/* End PBXContainerItemProxy section */

/* Begin PBXFileReference section */
		470CC2D429E09BDC000A6F42 /* swiftlint.yml */ = {isa = PBXFileReference; lastKnownFileType = text.yaml; path = swiftlint.yml; sourceTree = "<group>"; };
		472CA0DD29E0F242005DCD71 /* randomUsers.json */ = {isa = PBXFileReference; lastKnownFileType = text.json; path = randomUsers.json; sourceTree = "<group>"; };
		473841ED2885E44F008E5BB0 /* User.swift */ = {isa = PBXFileReference; lastKnownFileType = sourcecode.swift; path = User.swift; sourceTree = "<group>"; };
		479CB548287B97710056A530 /* RandomUsers.app */ = {isa = PBXFileReference; explicitFileType = wrapper.application; includeInIndex = 0; path = RandomUsers.app; sourceTree = BUILT_PRODUCTS_DIR; };
		479CB54B287B97710056A530 /* RandomUsersApp.swift */ = {isa = PBXFileReference; lastKnownFileType = sourcecode.swift; path = RandomUsersApp.swift; sourceTree = "<group>"; };
		479CB54D287B97710056A530 /* UserView.swift */ = {isa = PBXFileReference; lastKnownFileType = sourcecode.swift; path = UserView.swift; sourceTree = "<group>"; };
		479CB54F287B97730056A530 /* Assets.xcassets */ = {isa = PBXFileReference; lastKnownFileType = folder.assetcatalog; path = Assets.xcassets; sourceTree = "<group>"; };
		479CB552287B97730056A530 /* Preview Assets.xcassets */ = {isa = PBXFileReference; lastKnownFileType = folder.assetcatalog; path = "Preview Assets.xcassets"; sourceTree = "<group>"; };
		479CB558287B97730056A530 /* RandomUsersTests.xctest */ = {isa = PBXFileReference; explicitFileType = wrapper.cfbundle; includeInIndex = 0; path = RandomUsersTests.xctest; sourceTree = BUILT_PRODUCTS_DIR; };
		479CB55C287B97730056A530 /* RandomUsersTests.swift */ = {isa = PBXFileReference; lastKnownFileType = sourcecode.swift; path = RandomUsersTests.swift; sourceTree = "<group>"; };
		479CB562287B97730056A530 /* RandomUsersUITests.xctest */ = {isa = PBXFileReference; explicitFileType = wrapper.cfbundle; includeInIndex = 0; path = RandomUsersUITests.xctest; sourceTree = BUILT_PRODUCTS_DIR; };
		479CB566287B97730056A530 /* RandomUsersUITests.swift */ = {isa = PBXFileReference; lastKnownFileType = sourcecode.swift; path = RandomUsersUITests.swift; sourceTree = "<group>"; };
		479CB568287B97730056A530 /* RandomUsersUITestsLaunchTests.swift */ = {isa = PBXFileReference; lastKnownFileType = sourcecode.swift; path = RandomUsersUITestsLaunchTests.swift; sourceTree = "<group>"; };
		479CB576287CE10C0056A530 /* UserFetchingClient.swift */ = {isa = PBXFileReference; lastKnownFileType = sourcecode.swift; path = UserFetchingClient.swift; sourceTree = "<group>"; };
		479CB578287E1A510056A530 /* UserData.swift */ = {isa = PBXFileReference; lastKnownFileType = sourcecode.swift; path = UserData.swift; sourceTree = "<group>"; };
/* End PBXFileReference section */

/* Begin PBXFrameworksBuildPhase section */
		479CB545287B97710056A530 /* Frameworks */ = {
			isa = PBXFrameworksBuildPhase;
			buildActionMask = 2147483647;
			files = (
				47449F5E28F6D28D001323C4 /* ToastUI in Frameworks */,
			);
			runOnlyForDeploymentPostprocessing = 0;
		};
		479CB555287B97730056A530 /* Frameworks */ = {
			isa = PBXFrameworksBuildPhase;
			buildActionMask = 2147483647;
			files = (
			);
			runOnlyForDeploymentPostprocessing = 0;
		};
		479CB55F287B97730056A530 /* Frameworks */ = {
			isa = PBXFrameworksBuildPhase;
			buildActionMask = 2147483647;
			files = (
			);
			runOnlyForDeploymentPostprocessing = 0;
		};
/* End PBXFrameworksBuildPhase section */

/* Begin PBXGroup section */
		472CA0DC29E0D0F3005DCD71 /* Model */ = {
			isa = PBXGroup;
			children = (
				479CB576287CE10C0056A530 /* UserFetchingClient.swift */,
				479CB578287E1A510056A530 /* UserData.swift */,
				473841ED2885E44F008E5BB0 /* User.swift */,
			);
			path = Model;
			sourceTree = "<group>";
		};
		479CB53F287B97710056A530 = {
			isa = PBXGroup;
			children = (
				470CC2D429E09BDC000A6F42 /* swiftlint.yml */,
				472CA0DD29E0F242005DCD71 /* randomUsers.json */,
				479CB54A287B97710056A530 /* RandomUsers */,
				479CB55B287B97730056A530 /* RandomUsersTests */,
				479CB565287B97730056A530 /* RandomUsersUITests */,
				479CB549287B97710056A530 /* Products */,
			);
			sourceTree = "<group>";
		};
		479CB549287B97710056A530 /* Products */ = {
			isa = PBXGroup;
			children = (
				479CB548287B97710056A530 /* RandomUsers.app */,
				479CB558287B97730056A530 /* RandomUsersTests.xctest */,
				479CB562287B97730056A530 /* RandomUsersUITests.xctest */,
			);
			name = Products;
			sourceTree = "<group>";
		};
		479CB54A287B97710056A530 /* RandomUsers */ = {
			isa = PBXGroup;
			children = (
				479CB54B287B97710056A530 /* RandomUsersApp.swift */,
				479CB54D287B97710056A530 /* UserView.swift */,
				472CA0DC29E0D0F3005DCD71 /* Model */,
				479CB54F287B97730056A530 /* Assets.xcassets */,
				479CB551287B97730056A530 /* Preview Content */,
			);
			path = RandomUsers;
			sourceTree = "<group>";
		};
		479CB551287B97730056A530 /* Preview Content */ = {
			isa = PBXGroup;
			children = (
				479CB552287B97730056A530 /* Preview Assets.xcassets */,
			);
			path = "Preview Content";
			sourceTree = "<group>";
		};
		479CB55B287B97730056A530 /* RandomUsersTests */ = {
			isa = PBXGroup;
			children = (
				479CB55C287B97730056A530 /* RandomUsersTests.swift */,
			);
			path = RandomUsersTests;
			sourceTree = "<group>";
		};
		479CB565287B97730056A530 /* RandomUsersUITests */ = {
			isa = PBXGroup;
			children = (
				479CB566287B97730056A530 /* RandomUsersUITests.swift */,
				479CB568287B97730056A530 /* RandomUsersUITestsLaunchTests.swift */,
			);
			path = RandomUsersUITests;
			sourceTree = "<group>";
		};
/* End PBXGroup section */

/* Begin PBXNativeTarget section */
		479CB547287B97710056A530 /* RandomUsers */ = {
			isa = PBXNativeTarget;
			buildConfigurationList = 479CB56C287B97730056A530 /* Build configuration list for PBXNativeTarget "RandomUsers" */;
			buildPhases = (
				470CC2D829E09BF9000A6F42 /* SwiftLint */,
				479CB544287B97710056A530 /* Sources */,
				479CB545287B97710056A530 /* Frameworks */,
				479CB546287B97710056A530 /* Resources */,
			);
			buildRules = (
			);
			dependencies = (
			);
			name = RandomUsers;
			packageProductDependencies = (
				47449F5D28F6D28D001323C4 /* ToastUI */,
			);
			productName = RandomUsers;
			productReference = 479CB548287B97710056A530 /* RandomUsers.app */;
			productType = "com.apple.product-type.application";
		};
		479CB557287B97730056A530 /* RandomUsersTests */ = {
			isa = PBXNativeTarget;
			buildConfigurationList = 479CB56F287B97730056A530 /* Build configuration list for PBXNativeTarget "RandomUsersTests" */;
			buildPhases = (
				479CB554287B97730056A530 /* Sources */,
				479CB555287B97730056A530 /* Frameworks */,
				479CB556287B97730056A530 /* Resources */,
			);
			buildRules = (
			);
			dependencies = (
				479CB55A287B97730056A530 /* PBXTargetDependency */,
			);
			name = RandomUsersTests;
			productName = RandomUsersTests;
			productReference = 479CB558287B97730056A530 /* RandomUsersTests.xctest */;
			productType = "com.apple.product-type.bundle.unit-test";
		};
		479CB561287B97730056A530 /* RandomUsersUITests */ = {
			isa = PBXNativeTarget;
			buildConfigurationList = 479CB572287B97730056A530 /* Build configuration list for PBXNativeTarget "RandomUsersUITests" */;
			buildPhases = (
				479CB55E287B97730056A530 /* Sources */,
				479CB55F287B97730056A530 /* Frameworks */,
				479CB560287B97730056A530 /* Resources */,
			);
			buildRules = (
			);
			dependencies = (
				479CB564287B97730056A530 /* PBXTargetDependency */,
			);
			name = RandomUsersUITests;
			productName = RandomUsersUITests;
			productReference = 479CB562287B97730056A530 /* RandomUsersUITests.xctest */;
			productType = "com.apple.product-type.bundle.ui-testing";
		};
/* End PBXNativeTarget section */

/* Begin PBXProject section */
		479CB540287B97710056A530 /* Project object */ = {
			isa = PBXProject;
			attributes = {
				BuildIndependentTargetsInParallel = 1;
				LastSwiftUpdateCheck = 1340;
				LastUpgradeCheck = 1340;
				TargetAttributes = {
					479CB547287B97710056A530 = {
						CreatedOnToolsVersion = 13.4.1;
					};
					479CB557287B97730056A530 = {
						CreatedOnToolsVersion = 13.4.1;
						TestTargetID = 479CB547287B97710056A530;
					};
					479CB561287B97730056A530 = {
						CreatedOnToolsVersion = 13.4.1;
						TestTargetID = 479CB547287B97710056A530;
					};
				};
			};
			buildConfigurationList = 479CB543287B97710056A530 /* Build configuration list for PBXProject "RandomUsers" */;
			compatibilityVersion = "Xcode 13.0";
			developmentRegion = en;
			hasScannedForEncodings = 0;
			knownRegions = (
				en,
				Base,
			);
			mainGroup = 479CB53F287B97710056A530;
			packageReferences = (
				47449F5C28F6D28D001323C4 /* XCRemoteSwiftPackageReference "ToastUI" */,
			);
			productRefGroup = 479CB549287B97710056A530 /* Products */;
			projectDirPath = "";
			projectRoot = "";
			targets = (
				479CB547287B97710056A530 /* RandomUsers */,
				479CB557287B97730056A530 /* RandomUsersTests */,
				479CB561287B97730056A530 /* RandomUsersUITests */,
			);
		};
/* End PBXProject section */

/* Begin PBXResourcesBuildPhase section */
		479CB546287B97710056A530 /* Resources */ = {
			isa = PBXResourcesBuildPhase;
			buildActionMask = 2147483647;
			files = (
				472CA0DE29E0F242005DCD71 /* randomUsers.json in Resources */,
				479CB553287B97730056A530 /* Preview Assets.xcassets in Resources */,
				479CB550287B97730056A530 /* Assets.xcassets in Resources */,
			);
			runOnlyForDeploymentPostprocessing = 0;
		};
		479CB556287B97730056A530 /* Resources */ = {
			isa = PBXResourcesBuildPhase;
			buildActionMask = 2147483647;
			files = (
				472CA0DF29E0F242005DCD71 /* randomUsers.json in Resources */,
			);
			runOnlyForDeploymentPostprocessing = 0;
		};
		479CB560287B97730056A530 /* Resources */ = {
			isa = PBXResourcesBuildPhase;
			buildActionMask = 2147483647;
			files = (
				472CA0E029E0F242005DCD71 /* randomUsers.json in Resources */,
			);
			runOnlyForDeploymentPostprocessing = 0;
		};
/* End PBXResourcesBuildPhase section */

/* Begin PBXShellScriptBuildPhase section */
		470CC2D829E09BF9000A6F42 /* SwiftLint */ = {
			isa = PBXShellScriptBuildPhase;
			alwaysOutOfDate = 1;
			buildActionMask = 2147483647;
			files = (
			);
			inputFileListPaths = (
			);
			inputPaths = (
			);
			name = SwiftLint;
			outputFileListPaths = (
			);
			outputPaths = (
			);
			runOnlyForDeploymentPostprocessing = 0;
			shellPath = /bin/sh;
			shellScript = "# Type a script or drag a script file from your workspace to insert its path.\nif which swiftlint >/dev/null; then\n  swiftlint\nelse\n  echo \"warning: SwiftLint not installed\"\nfi\n";
		};
/* End PBXShellScriptBuildPhase section */

/* Begin PBXSourcesBuildPhase section */
		479CB544287B97710056A530 /* Sources */ = {
			isa = PBXSourcesBuildPhase;
			buildActionMask = 2147483647;
			files = (
				479CB54E287B97710056A530 /* UserView.swift in Sources */,
				479CB54C287B97710056A530 /* RandomUsersApp.swift in Sources */,
				479CB579287E1A510056A530 /* UserData.swift in Sources */,
				473841EE2885E44F008E5BB0 /* User.swift in Sources */,
				470CC2D529E09BDC000A6F42 /* swiftlint.yml in Sources */,
				479CB577287CE10C0056A530 /* UserFetchingClient.swift in Sources */,
			);
			runOnlyForDeploymentPostprocessing = 0;
		};
		479CB554287B97730056A530 /* Sources */ = {
			isa = PBXSourcesBuildPhase;
			buildActionMask = 2147483647;
			files = (
				470CC2D629E09BDC000A6F42 /* swiftlint.yml in Sources */,
				479CB55D287B97730056A530 /* RandomUsersTests.swift in Sources */,
			);
			runOnlyForDeploymentPostprocessing = 0;
		};
		479CB55E287B97730056A530 /* Sources */ = {
			isa = PBXSourcesBuildPhase;
			buildActionMask = 2147483647;
			files = (
				479CB569287B97730056A530 /* RandomUsersUITestsLaunchTests.swift in Sources */,
				470CC2D729E09BDC000A6F42 /* swiftlint.yml in Sources */,
				479CB567287B97730056A530 /* RandomUsersUITests.swift in Sources */,
			);
			runOnlyForDeploymentPostprocessing = 0;
		};
/* End PBXSourcesBuildPhase section */

/* Begin PBXTargetDependency section */
		479CB55A287B97730056A530 /* PBXTargetDependency */ = {
			isa = PBXTargetDependency;
			target = 479CB547287B97710056A530 /* RandomUsers */;
			targetProxy = 479CB559287B97730056A530 /* PBXContainerItemProxy */;
		};
		479CB564287B97730056A530 /* PBXTargetDependency */ = {
			isa = PBXTargetDependency;
			target = 479CB547287B97710056A530 /* RandomUsers */;
			targetProxy = 479CB563287B97730056A530 /* PBXContainerItemProxy */;
		};
/* End PBXTargetDependency section */

/* Begin XCBuildConfiguration section */
		479CB56A287B97730056A530 /* Debug */ = {
			isa = XCBuildConfiguration;
			buildSettings = {
				ALWAYS_SEARCH_USER_PATHS = NO;
				CLANG_ANALYZER_NONNULL = YES;
				CLANG_ANALYZER_NUMBER_OBJECT_CONVERSION = YES_AGGRESSIVE;
				CLANG_CXX_LANGUAGE_STANDARD = "gnu++17";
				CLANG_ENABLE_MODULES = YES;
				CLANG_ENABLE_OBJC_ARC = YES;
				CLANG_ENABLE_OBJC_WEAK = YES;
				CLANG_WARN_BLOCK_CAPTURE_AUTORELEASING = YES;
				CLANG_WARN_BOOL_CONVERSION = YES;
				CLANG_WARN_COMMA = YES;
				CLANG_WARN_CONSTANT_CONVERSION = YES;
				CLANG_WARN_DEPRECATED_OBJC_IMPLEMENTATIONS = YES;
				CLANG_WARN_DIRECT_OBJC_ISA_USAGE = YES_ERROR;
				CLANG_WARN_DOCUMENTATION_COMMENTS = YES;
				CLANG_WARN_EMPTY_BODY = YES;
				CLANG_WARN_ENUM_CONVERSION = YES;
				CLANG_WARN_INFINITE_RECURSION = YES;
				CLANG_WARN_INT_CONVERSION = YES;
				CLANG_WARN_NON_LITERAL_NULL_CONVERSION = YES;
				CLANG_WARN_OBJC_IMPLICIT_RETAIN_SELF = YES;
				CLANG_WARN_OBJC_LITERAL_CONVERSION = YES;
				CLANG_WARN_OBJC_ROOT_CLASS = YES_ERROR;
				CLANG_WARN_QUOTED_INCLUDE_IN_FRAMEWORK_HEADER = YES;
				CLANG_WARN_RANGE_LOOP_ANALYSIS = YES;
				CLANG_WARN_STRICT_PROTOTYPES = YES;
				CLANG_WARN_SUSPICIOUS_MOVE = YES;
				CLANG_WARN_UNGUARDED_AVAILABILITY = YES_AGGRESSIVE;
				CLANG_WARN_UNREACHABLE_CODE = YES;
				CLANG_WARN__DUPLICATE_METHOD_MATCH = YES;
				COPY_PHASE_STRIP = NO;
				DEBUG_INFORMATION_FORMAT = dwarf;
				ENABLE_STRICT_OBJC_MSGSEND = YES;
				ENABLE_TESTABILITY = YES;
				GCC_C_LANGUAGE_STANDARD = gnu11;
				GCC_DYNAMIC_NO_PIC = NO;
				GCC_NO_COMMON_BLOCKS = YES;
				GCC_OPTIMIZATION_LEVEL = 0;
				GCC_PREPROCESSOR_DEFINITIONS = (
					"DEBUG=1",
					"$(inherited)",
				);
				GCC_WARN_64_TO_32_BIT_CONVERSION = YES;
				GCC_WARN_ABOUT_RETURN_TYPE = YES_ERROR;
				GCC_WARN_UNDECLARED_SELECTOR = YES;
				GCC_WARN_UNINITIALIZED_AUTOS = YES_AGGRESSIVE;
				GCC_WARN_UNUSED_FUNCTION = YES;
				GCC_WARN_UNUSED_VARIABLE = YES;
				IPHONEOS_DEPLOYMENT_TARGET = 15.5;
				MTL_ENABLE_DEBUG_INFO = INCLUDE_SOURCE;
				MTL_FAST_MATH = YES;
				ONLY_ACTIVE_ARCH = YES;
				SDKROOT = iphoneos;
				SWIFT_ACTIVE_COMPILATION_CONDITIONS = DEBUG;
				SWIFT_OPTIMIZATION_LEVEL = "-Onone";
			};
			name = Debug;
		};
		479CB56B287B97730056A530 /* Release */ = {
			isa = XCBuildConfiguration;
			buildSettings = {
				ALWAYS_SEARCH_USER_PATHS = NO;
				CLANG_ANALYZER_NONNULL = YES;
				CLANG_ANALYZER_NUMBER_OBJECT_CONVERSION = YES_AGGRESSIVE;
				CLANG_CXX_LANGUAGE_STANDARD = "gnu++17";
				CLANG_ENABLE_MODULES = YES;
				CLANG_ENABLE_OBJC_ARC = YES;
				CLANG_ENABLE_OBJC_WEAK = YES;
				CLANG_WARN_BLOCK_CAPTURE_AUTORELEASING = YES;
				CLANG_WARN_BOOL_CONVERSION = YES;
				CLANG_WARN_COMMA = YES;
				CLANG_WARN_CONSTANT_CONVERSION = YES;
				CLANG_WARN_DEPRECATED_OBJC_IMPLEMENTATIONS = YES;
				CLANG_WARN_DIRECT_OBJC_ISA_USAGE = YES_ERROR;
				CLANG_WARN_DOCUMENTATION_COMMENTS = YES;
				CLANG_WARN_EMPTY_BODY = YES;
				CLANG_WARN_ENUM_CONVERSION = YES;
				CLANG_WARN_INFINITE_RECURSION = YES;
				CLANG_WARN_INT_CONVERSION = YES;
				CLANG_WARN_NON_LITERAL_NULL_CONVERSION = YES;
				CLANG_WARN_OBJC_IMPLICIT_RETAIN_SELF = YES;
				CLANG_WARN_OBJC_LITERAL_CONVERSION = YES;
				CLANG_WARN_OBJC_ROOT_CLASS = YES_ERROR;
				CLANG_WARN_QUOTED_INCLUDE_IN_FRAMEWORK_HEADER = YES;
				CLANG_WARN_RANGE_LOOP_ANALYSIS = YES;
				CLANG_WARN_STRICT_PROTOTYPES = YES;
				CLANG_WARN_SUSPICIOUS_MOVE = YES;
				CLANG_WARN_UNGUARDED_AVAILABILITY = YES_AGGRESSIVE;
				CLANG_WARN_UNREACHABLE_CODE = YES;
				CLANG_WARN__DUPLICATE_METHOD_MATCH = YES;
				COPY_PHASE_STRIP = NO;
				DEBUG_INFORMATION_FORMAT = "dwarf-with-dsym";
				ENABLE_NS_ASSERTIONS = NO;
				ENABLE_STRICT_OBJC_MSGSEND = YES;
				GCC_C_LANGUAGE_STANDARD = gnu11;
				GCC_NO_COMMON_BLOCKS = YES;
				GCC_WARN_64_TO_32_BIT_CONVERSION = YES;
				GCC_WARN_ABOUT_RETURN_TYPE = YES_ERROR;
				GCC_WARN_UNDECLARED_SELECTOR = YES;
				GCC_WARN_UNINITIALIZED_AUTOS = YES_AGGRESSIVE;
				GCC_WARN_UNUSED_FUNCTION = YES;
				GCC_WARN_UNUSED_VARIABLE = YES;
				IPHONEOS_DEPLOYMENT_TARGET = 15.5;
				MTL_ENABLE_DEBUG_INFO = NO;
				MTL_FAST_MATH = YES;
				SDKROOT = iphoneos;
				SWIFT_COMPILATION_MODE = wholemodule;
				SWIFT_OPTIMIZATION_LEVEL = "-O";
				VALIDATE_PRODUCT = YES;
			};
			name = Release;
		};
		479CB56D287B97730056A530 /* Debug */ = {
			isa = XCBuildConfiguration;
			buildSettings = {
				ASSETCATALOG_COMPILER_APPICON_NAME = AppIcon;
				ASSETCATALOG_COMPILER_GLOBAL_ACCENT_COLOR_NAME = AccentColor;
				CODE_SIGN_STYLE = Automatic;
				CURRENT_PROJECT_VERSION = 1;
				DEVELOPMENT_ASSET_PATHS = "\"RandomUsers/Preview Content\"";
				DEVELOPMENT_TEAM = 6VWFU6AND8;
				ENABLE_PREVIEWS = YES;
				GENERATE_INFOPLIST_FILE = YES;
				INFOPLIST_KEY_UIApplicationSceneManifest_Generation = YES;
				INFOPLIST_KEY_UIApplicationSupportsIndirectInputEvents = YES;
				INFOPLIST_KEY_UILaunchScreen_Generation = YES;
				INFOPLIST_KEY_UISupportedInterfaceOrientations_iPad = "UIInterfaceOrientationPortrait UIInterfaceOrientationPortraitUpsideDown UIInterfaceOrientationLandscapeLeft UIInterfaceOrientationLandscapeRight";
				INFOPLIST_KEY_UISupportedInterfaceOrientations_iPhone = "UIInterfaceOrientationPortrait UIInterfaceOrientationLandscapeLeft UIInterfaceOrientationLandscapeRight";
				LD_RUNPATH_SEARCH_PATHS = (
					"$(inherited)",
					"@executable_path/Frameworks",
				);
				MARKETING_VERSION = 1.0;
				PRODUCT_BUNDLE_IDENTIFIER = roman.sundurov.work.RandomUsers;
				PRODUCT_NAME = "$(TARGET_NAME)";
				SWIFT_EMIT_LOC_STRINGS = YES;
				SWIFT_VERSION = 5.0;
				TARGETED_DEVICE_FAMILY = "1,2";
			};
			name = Debug;
		};
		479CB56E287B97730056A530 /* Release */ = {
			isa = XCBuildConfiguration;
			buildSettings = {
				ASSETCATALOG_COMPILER_APPICON_NAME = AppIcon;
				ASSETCATALOG_COMPILER_GLOBAL_ACCENT_COLOR_NAME = AccentColor;
				CODE_SIGN_STYLE = Automatic;
				CURRENT_PROJECT_VERSION = 1;
				DEVELOPMENT_ASSET_PATHS = "\"RandomUsers/Preview Content\"";
				DEVELOPMENT_TEAM = 6VWFU6AND8;
				ENABLE_PREVIEWS = YES;
				GENERATE_INFOPLIST_FILE = YES;
				INFOPLIST_KEY_UIApplicationSceneManifest_Generation = YES;
				INFOPLIST_KEY_UIApplicationSupportsIndirectInputEvents = YES;
				INFOPLIST_KEY_UILaunchScreen_Generation = YES;
				INFOPLIST_KEY_UISupportedInterfaceOrientations_iPad = "UIInterfaceOrientationPortrait UIInterfaceOrientationPortraitUpsideDown UIInterfaceOrientationLandscapeLeft UIInterfaceOrientationLandscapeRight";
				INFOPLIST_KEY_UISupportedInterfaceOrientations_iPhone = "UIInterfaceOrientationPortrait UIInterfaceOrientationLandscapeLeft UIInterfaceOrientationLandscapeRight";
				LD_RUNPATH_SEARCH_PATHS = (
					"$(inherited)",
					"@executable_path/Frameworks",
				);
				MARKETING_VERSION = 1.0;
				PRODUCT_BUNDLE_IDENTIFIER = roman.sundurov.work.RandomUsers;
				PRODUCT_NAME = "$(TARGET_NAME)";
				SWIFT_EMIT_LOC_STRINGS = YES;
				SWIFT_VERSION = 5.0;
				TARGETED_DEVICE_FAMILY = "1,2";
			};
			name = Release;
		};
		479CB570287B97730056A530 /* Debug */ = {
			isa = XCBuildConfiguration;
			buildSettings = {
				ALWAYS_EMBED_SWIFT_STANDARD_LIBRARIES = YES;
				BUNDLE_LOADER = "$(TEST_HOST)";
				CODE_SIGN_STYLE = Automatic;
				CURRENT_PROJECT_VERSION = 1;
				DEVELOPMENT_TEAM = 6VWFU6AND8;
				GENERATE_INFOPLIST_FILE = YES;
				IPHONEOS_DEPLOYMENT_TARGET = 15.5;
				MARKETING_VERSION = 1.0;
				PRODUCT_BUNDLE_IDENTIFIER = roman.sundurov.work.RandomUsersTests;
				PRODUCT_NAME = "$(TARGET_NAME)";
				SWIFT_EMIT_LOC_STRINGS = NO;
				SWIFT_VERSION = 5.0;
				TARGETED_DEVICE_FAMILY = "1,2";
				TEST_HOST = "$(BUILT_PRODUCTS_DIR)/RandomUsers.app/RandomUsers";
			};
			name = Debug;
		};
		479CB571287B97730056A530 /* Release */ = {
			isa = XCBuildConfiguration;
			buildSettings = {
				ALWAYS_EMBED_SWIFT_STANDARD_LIBRARIES = YES;
				BUNDLE_LOADER = "$(TEST_HOST)";
				CODE_SIGN_STYLE = Automatic;
				CURRENT_PROJECT_VERSION = 1;
				DEVELOPMENT_TEAM = 6VWFU6AND8;
				GENERATE_INFOPLIST_FILE = YES;
				IPHONEOS_DEPLOYMENT_TARGET = 15.5;
				MARKETING_VERSION = 1.0;
				PRODUCT_BUNDLE_IDENTIFIER = roman.sundurov.work.RandomUsersTests;
				PRODUCT_NAME = "$(TARGET_NAME)";
				SWIFT_EMIT_LOC_STRINGS = NO;
				SWIFT_VERSION = 5.0;
				TARGETED_DEVICE_FAMILY = "1,2";
				TEST_HOST = "$(BUILT_PRODUCTS_DIR)/RandomUsers.app/RandomUsers";
			};
			name = Release;
		};
		479CB573287B97730056A530 /* Debug */ = {
			isa = XCBuildConfiguration;
			buildSettings = {
				ALWAYS_EMBED_SWIFT_STANDARD_LIBRARIES = YES;
				CODE_SIGN_STYLE = Automatic;
				CURRENT_PROJECT_VERSION = 1;
				DEVELOPMENT_TEAM = 6VWFU6AND8;
				GENERATE_INFOPLIST_FILE = YES;
				MARKETING_VERSION = 1.0;
				PRODUCT_BUNDLE_IDENTIFIER = roman.sundurov.work.RandomUsersUITests;
				PRODUCT_NAME = "$(TARGET_NAME)";
				SWIFT_EMIT_LOC_STRINGS = NO;
				SWIFT_VERSION = 5.0;
				TARGETED_DEVICE_FAMILY = "1,2";
				TEST_TARGET_NAME = RandomUsers;
			};
			name = Debug;
		};
		479CB574287B97730056A530 /* Release */ = {
			isa = XCBuildConfiguration;
			buildSettings = {
				ALWAYS_EMBED_SWIFT_STANDARD_LIBRARIES = YES;
				CODE_SIGN_STYLE = Automatic;
				CURRENT_PROJECT_VERSION = 1;
				DEVELOPMENT_TEAM = 6VWFU6AND8;
				GENERATE_INFOPLIST_FILE = YES;
				MARKETING_VERSION = 1.0;
				PRODUCT_BUNDLE_IDENTIFIER = roman.sundurov.work.RandomUsersUITests;
				PRODUCT_NAME = "$(TARGET_NAME)";
				SWIFT_EMIT_LOC_STRINGS = NO;
				SWIFT_VERSION = 5.0;
				TARGETED_DEVICE_FAMILY = "1,2";
				TEST_TARGET_NAME = RandomUsers;
			};
			name = Release;
		};
/* End XCBuildConfiguration section */

/* Begin XCConfigurationList section */
		479CB543287B97710056A530 /* Build configuration list for PBXProject "RandomUsers" */ = {
			isa = XCConfigurationList;
			buildConfigurations = (
				479CB56A287B97730056A530 /* Debug */,
				479CB56B287B97730056A530 /* Release */,
			);
			defaultConfigurationIsVisible = 0;
			defaultConfigurationName = Release;
		};
		479CB56C287B97730056A530 /* Build configuration list for PBXNativeTarget "RandomUsers" */ = {
			isa = XCConfigurationList;
			buildConfigurations = (
				479CB56D287B97730056A530 /* Debug */,
				479CB56E287B97730056A530 /* Release */,
			);
			defaultConfigurationIsVisible = 0;
			defaultConfigurationName = Release;
		};
		479CB56F287B97730056A530 /* Build configuration list for PBXNativeTarget "RandomUsersTests" */ = {
			isa = XCConfigurationList;
			buildConfigurations = (
				479CB570287B97730056A530 /* Debug */,
				479CB571287B97730056A530 /* Release */,
			);
			defaultConfigurationIsVisible = 0;
			defaultConfigurationName = Release;
		};
		479CB572287B97730056A530 /* Build configuration list for PBXNativeTarget "RandomUsersUITests" */ = {
			isa = XCConfigurationList;
			buildConfigurations = (
				479CB573287B97730056A530 /* Debug */,
				479CB574287B97730056A530 /* Release */,
			);
			defaultConfigurationIsVisible = 0;
			defaultConfigurationName = Release;
		};
/* End XCConfigurationList section */

/* Begin XCRemoteSwiftPackageReference section */
		47449F5C28F6D28D001323C4 /* XCRemoteSwiftPackageReference "ToastUI" */ = {
			isa = XCRemoteSwiftPackageReference;
			repositoryURL = "https://github.com/quanshousio/ToastUI";
			requirement = {
				kind = upToNextMajorVersion;
				minimumVersion = 3.0.0;
			};
		};
/* End XCRemoteSwiftPackageReference section */

/* Begin XCSwiftPackageProductDependency section */
		47449F5D28F6D28D001323C4 /* ToastUI */ = {
			isa = XCSwiftPackageProductDependency;
			package = 47449F5C28F6D28D001323C4 /* XCRemoteSwiftPackageReference "ToastUI" */;
			productName = ToastUI;
		};
/* End XCSwiftPackageProductDependency section */
	};
	rootObject = 479CB540287B97710056A530 /* Project object */;
}
